
Microsoft Visual Studio Solution File, Format Version 12.00
# Visual Studio Version 17
VisualStudioVersion = 17.8.34330.188
MinimumVisualStudioVersion = 10.0.40219.1
Project("{FAE04EC0-301F-11D3-BF4B-00C04F79EFBC}") = "NguyenThiPhuongDung_31231027780_24C1INF50900503", "NguyenThiPhuongDung_31231027780_24C1INF50900503\NguyenThiPhuongDung_31231027780_24C1INF50900503.csproj", "{19709FFD-9447-4A04-B0AE-72CD723AA193}"
EndProject
Global
	GlobalSection(SolutionConfigurationPlatforms) = preSolution
		Debug|Any CPU = Debug|Any CPU
		Release|Any CPU = Release|Any CPU
	EndGlobalSection
	GlobalSection(ProjectConfigurationPlatforms) = postSolution
		{19709FFD-9447-4A04-B0AE-72CD723AA193}.Debug|Any CPU.ActiveCfg = Debug|Any CPU
		{19709FFD-9447-4A04-B0AE-72CD723AA193}.Debug|Any CPU.Build.0 = Debug|Any CPU
		{19709FFD-9447-4A04-B0AE-72CD723AA193}.Release|Any CPU.ActiveCfg = Release|Any CPU
		{19709FFD-9447-4A04-B0AE-72CD723AA193}.Release|Any CPU.Build.0 = Release|Any CPU
	EndGlobalSection
	GlobalSection(SolutionProperties) = preSolution
		HideSolutionNode = FALSE
	EndGlobalSection
	GlobalSection(ExtensibilityGlobals) = postSolution
		SolutionGuid = {A2F4CFB4-B38C-4E49-A21E-6422CEC53326}
	EndGlobalSection
EndGlobal
